
Microsoft Visual Studio Solution File, Format Version 12.00
# Visual Studio Version 16
VisualStudioVersion = 16.0.33927.289
MinimumVisualStudioVersion = 10.0.40219.1
Project("{FAE04EC0-301F-11D3-BF4B-00C04F79EFBC}") = "BT_LINQ2", "BT_LINQ2\BT_LINQ2.csproj", "{42DD5529-6C47-482B-BD36-E8355C57CC16}"
EndProject
Global
	GlobalSection(SolutionConfigurationPlatforms) = preSolution
		Debug|Any CPU = Debug|Any CPU
		Release|Any CPU = Release|Any CPU
	EndGlobalSection
	GlobalSection(ProjectConfigurationPlatforms) = postSolution
		{42DD5529-6C47-482B-BD36-E8355C57CC16}.Debug|Any CPU.ActiveCfg = Debug|Any CPU
		{42DD5529-6C47-482B-BD36-E8355C57CC16}.Debug|Any CPU.Build.0 = Debug|Any CPU
		{42DD5529-6C47-482B-BD36-E8355C57CC16}.Release|Any CPU.ActiveCfg = Release|Any CPU
		{42DD5529-6C47-482B-BD36-E8355C57CC16}.Release|Any CPU.Build.0 = Release|Any CPU
	EndGlobalSection
	GlobalSection(SolutionProperties) = preSolution
		HideSolutionNode = FALSE
	EndGlobalSection
	GlobalSection(ExtensibilityGlobals) = postSolution
		SolutionGuid = {A8D7F2B9-001F-4D8E-847E-A9E242F09487}
	EndGlobalSection
EndGlobal
